
Microsoft Visual Studio Solution File, Format Version 12.00
# Visual Studio Version 17
VisualStudioVersion = 17.13.35931.197 d17.13
MinimumVisualStudioVersion = 10.0.40219.1
Project("{FAE04EC0-301F-11D3-BF4B-00C04F79EFBC}") = "locker", "locker\locker.csproj", "{9E4E9B33-7C26-43BA-A56B-A5EC790A1C0C}"
EndProject
Global
	GlobalSection(SolutionConfigurationPlatforms) = preSolution
		Debug|Any CPU = Debug|Any CPU
		Release|Any CPU = Release|Any CPU
	EndGlobalSection
	GlobalSection(ProjectConfigurationPlatforms) = postSolution
		{9E4E9B33-7C26-43BA-A56B-A5EC790A1C0C}.Debug|Any CPU.ActiveCfg = Debug|Any CPU
		{9E4E9B33-7C26-43BA-A56B-A5EC790A1C0C}.Debug|Any CPU.Build.0 = Debug|Any CPU
		{9E4E9B33-7C26-43BA-A56B-A5EC790A1C0C}.Release|Any CPU.ActiveCfg = Release|Any CPU
		{9E4E9B33-7C26-43BA-A56B-A5EC790A1C0C}.Release|Any CPU.Build.0 = Release|Any CPU
	EndGlobalSection
	GlobalSection(SolutionProperties) = preSolution
		HideSolutionNode = FALSE
	EndGlobalSection
	GlobalSection(ExtensibilityGlobals) = postSolution
		SolutionGuid = {2BD340D6-8E73-424E-9E0D-0CCF6D738684}
	EndGlobalSection
EndGlobal
